// !$*UTF8*$!
{
	archiveVersion = 1;
	classes = {
	};
	objectVersion = 46;
	objects = {

/* Begin PBXBuildFile section */
		4181AA311C30229E0000DDC1 /* SSDynamicsView.m in Sources */ = {isa = PBXBuildFile; fileRef = B74328F41B9461E60098E793 /* SSDynamicsView.m */; };
		5EE286D7180239B800D286ED /* Foundation.framework in Frameworks */ = {isa = PBXBuildFile; fileRef = 5EE286D6180239B800D286ED /* Foundation.framework */; };
		5EE286D9180239B800D286ED /* CoreGraphics.framework in Frameworks */ = {isa = PBXBuildFile; fileRef = 5EE286D8180239B800D286ED /* CoreGraphics.framework */; };
		5EE286DB180239B800D286ED /* UIKit.framework in Frameworks */ = {isa = PBXBuildFile; fileRef = 5EE286DA180239B800D286ED /* UIKit.framework */; };
		5EE286E1180239B800D286ED /* InfoPlist.strings in Resources */ = {isa = PBXBuildFile; fileRef = 5EE286DF180239B800D286ED /* InfoPlist.strings */; };
		5EE286E3180239B800D286ED /* main.m in Sources */ = {isa = PBXBuildFile; fileRef = 5EE286E2180239B800D286ED /* main.m */; };
		5EE286E7180239B800D286ED /* SSAppDelegate.m in Sources */ = {isa = PBXBuildFile; fileRef = 5EE286E6180239B800D286ED /* SSAppDelegate.m */; };
		5EE286F0180239B900D286ED /* SSViewController.m in Sources */ = {isa = PBXBuildFile; fileRef = 5EE286EF180239B900D286ED /* SSViewController.m */; };
		5EE286F2180239B900D286ED /* Images.xcassets in Resources */ = {isa = PBXBuildFile; fileRef = 5EE286F1180239B900D286ED /* Images.xcassets */; };
		6611CBF51C0E52CC003E68A3 /* UIView+SSTextSizeTests.m in Sources */ = {isa = PBXBuildFile; fileRef = 6611CBF41C0E52CC003E68A3 /* UIView+SSTextSizeTests.m */; };
		661812031C0CED6C00F558EC /* UIFont+SSTextSizeTests.m in Sources */ = {isa = PBXBuildFile; fileRef = 661812021C0CED6C00F558EC /* UIFont+SSTextSizeTests.m */; };
		667FF3881C0E4B0A00973E4C /* UIApplication+SSTextSizeTests.m in Sources */ = {isa = PBXBuildFile; fileRef = 667FF3871C0E4B0A00973E4C /* UIApplication+SSTextSizeTests.m */; };
		6696C9C21C14E7880067D4A4 /* SSDynamicViewsReleaseTests.m in Sources */ = {isa = PBXBuildFile; fileRef = 6696C9C11C14E7880067D4A4 /* SSDynamicViewsReleaseTests.m */; settings = {COMPILER_FLAGS = "-w"; }; };
		A8E3A0653C3F6162E41DA870 /* libPods-SSDynamicTextExample.a in Frameworks */ = {isa = PBXBuildFile; fileRef = 0E2159830340851187ABBF61 /* libPods-SSDynamicTextExample.a */; };
		B70414E61BAAF5750055958F /* SSTestsHelper.m in Sources */ = {isa = PBXBuildFile; fileRef = B70414E51BAAF5750055958F /* SSTestsHelper.m */; };
		B74328F01B9455DC0098E793 /* SSDynamicLabelTests.m in Sources */ = {isa = PBXBuildFile; fileRef = B74328EF1B9455DC0098E793 /* SSDynamicLabelTests.m */; };
		B74328F21B9461CB0098E793 /* SSDynamicsView.xib in Resources */ = {isa = PBXBuildFile; fileRef = B74328F11B9461CB0098E793 /* SSDynamicsView.xib */; };
		B74328F51B9461E60098E793 /* SSDynamicsView.m in Sources */ = {isa = PBXBuildFile; fileRef = B74328F41B9461E60098E793 /* SSDynamicsView.m */; };
		B74328F71B946E2A0098E793 /* SSDynamicTextFieldTests.m in Sources */ = {isa = PBXBuildFile; fileRef = B74328F61B946E2A0098E793 /* SSDynamicTextFieldTests.m */; };
		B74328F91B946EEB0098E793 /* SSDynamicTextViewTests.m in Sources */ = {isa = PBXBuildFile; fileRef = B74328F81B946EEB0098E793 /* SSDynamicTextViewTests.m */; };
		B74328FB1B946FE90098E793 /* SSDynamicButtonTests.m in Sources */ = {isa = PBXBuildFile; fileRef = B74328FA1B946FE90098E793 /* SSDynamicButtonTests.m */; };
		B74328FE1B9476010098E793 /* SSAttributedStringValidator.m in Sources */ = {isa = PBXBuildFile; fileRef = B74328FD1B9476010098E793 /* SSAttributedStringValidator.m */; };
		C8FE42998DC35A897E622A17 /* libPods-SSDynamicTextTests.a in Frameworks */ = {isa = PBXBuildFile; fileRef = 514C3AADC3AD1C801B243A28 /* libPods-SSDynamicTextTests.a */; };
/* End PBXBuildFile section */

/* Begin PBXContainerItemProxy section */
		5E90DACE19F9655600257F8E /* PBXContainerItemProxy */ = {
			isa = PBXContainerItemProxy;
			containerPortal = 5EE286CB180239B800D286ED /* Project object */;
			proxyType = 1;
			remoteGlobalIDString = 5EE286D2180239B800D286ED;
			remoteInfo = SSDynamicTextExample;
		};
/* End PBXContainerItemProxy section */

/* Begin PBXFileReference section */
		0E2159830340851187ABBF61 /* libPods-SSDynamicTextExample.a */ = {isa = PBXFileReference; explicitFileType = archive.ar; includeInIndex = 0; path = "libPods-SSDynamicTextExample.a"; sourceTree = BUILT_PRODUCTS_DIR; };
		5136338D4A373052CC15BB7D /* Pods-SSDynamicTextTests.release.xcconfig */ = {isa = PBXFileReference; includeInIndex = 1; lastKnownFileType = text.xcconfig; name = "Pods-SSDynamicTextTests.release.xcconfig"; path = "Pods/Target Support Files/Pods-SSDynamicTextTests/Pods-SSDynamicTextTests.release.xcconfig"; sourceTree = "<group>"; };
		514C3AADC3AD1C801B243A28 /* libPods-SSDynamicTextTests.a */ = {isa = PBXFileReference; explicitFileType = archive.ar; includeInIndex = 0; path = "libPods-SSDynamicTextTests.a"; sourceTree = BUILT_PRODUCTS_DIR; };
		5E90DAC819F9655600257F8E /* SSDynamicTextTests.xctest */ = {isa = PBXFileReference; explicitFileType = wrapper.cfbundle; includeInIndex = 0; path = SSDynamicTextTests.xctest; sourceTree = BUILT_PRODUCTS_DIR; };
		5E90DACB19F9655600257F8E /* Info.plist */ = {isa = PBXFileReference; lastKnownFileType = text.plist.xml; path = Info.plist; sourceTree = "<group>"; };
		5EE286D3180239B800D286ED /* SSDynamicTextExample.app */ = {isa = PBXFileReference; explicitFileType = wrapper.application; includeInIndex = 0; path = SSDynamicTextExample.app; sourceTree = BUILT_PRODUCTS_DIR; };
		5EE286D6180239B800D286ED /* Foundation.framework */ = {isa = PBXFileReference; lastKnownFileType = wrapper.framework; name = Foundation.framework; path = System/Library/Frameworks/Foundation.framework; sourceTree = SDKROOT; };
		5EE286D8180239B800D286ED /* CoreGraphics.framework */ = {isa = PBXFileReference; lastKnownFileType = wrapper.framework; name = CoreGraphics.framework; path = System/Library/Frameworks/CoreGraphics.framework; sourceTree = SDKROOT; };
		5EE286DA180239B800D286ED /* UIKit.framework */ = {isa = PBXFileReference; lastKnownFileType = wrapper.framework; name = UIKit.framework; path = System/Library/Frameworks/UIKit.framework; sourceTree = SDKROOT; };
		5EE286DE180239B800D286ED /* SSDynamicTextExample-Info.plist */ = {isa = PBXFileReference; lastKnownFileType = text.plist.xml; path = "SSDynamicTextExample-Info.plist"; sourceTree = "<group>"; };
		5EE286E0180239B800D286ED /* en */ = {isa = PBXFileReference; lastKnownFileType = text.plist.strings; name = en; path = en.lproj/InfoPlist.strings; sourceTree = "<group>"; };
		5EE286E2180239B800D286ED /* main.m */ = {isa = PBXFileReference; lastKnownFileType = sourcecode.c.objc; path = main.m; sourceTree = "<group>"; };
		5EE286E4180239B800D286ED /* SSDynamicTextExample-Prefix.pch */ = {isa = PBXFileReference; lastKnownFileType = sourcecode.c.h; path = "SSDynamicTextExample-Prefix.pch"; sourceTree = "<group>"; };
		5EE286E5180239B800D286ED /* SSAppDelegate.h */ = {isa = PBXFileReference; lastKnownFileType = sourcecode.c.h; path = SSAppDelegate.h; sourceTree = "<group>"; };
		5EE286E6180239B800D286ED /* SSAppDelegate.m */ = {isa = PBXFileReference; lastKnownFileType = sourcecode.c.objc; path = SSAppDelegate.m; sourceTree = "<group>"; };
		5EE286EE180239B900D286ED /* SSViewController.h */ = {isa = PBXFileReference; lastKnownFileType = sourcecode.c.h; path = SSViewController.h; sourceTree = "<group>"; };
		5EE286EF180239B900D286ED /* SSViewController.m */ = {isa = PBXFileReference; lastKnownFileType = sourcecode.c.objc; path = SSViewController.m; sourceTree = "<group>"; };
		5EE286F1180239B900D286ED /* Images.xcassets */ = {isa = PBXFileReference; lastKnownFileType = folder.assetcatalog; path = Images.xcassets; sourceTree = "<group>"; };
		5EE286F8180239B900D286ED /* XCTest.framework */ = {isa = PBXFileReference; lastKnownFileType = wrapper.framework; name = XCTest.framework; path = Library/Frameworks/XCTest.framework; sourceTree = DEVELOPER_DIR; };
		6611CBF41C0E52CC003E68A3 /* UIView+SSTextSizeTests.m */ = {isa = PBXFileReference; fileEncoding = 4; lastKnownFileType = sourcecode.c.objc; path = "UIView+SSTextSizeTests.m"; sourceTree = "<group>"; };
		661812021C0CED6C00F558EC /* UIFont+SSTextSizeTests.m */ = {isa = PBXFileReference; fileEncoding = 4; lastKnownFileType = sourcecode.c.objc; path = "UIFont+SSTextSizeTests.m"; sourceTree = "<group>"; };
		667FF3871C0E4B0A00973E4C /* UIApplication+SSTextSizeTests.m */ = {isa = PBXFileReference; fileEncoding = 4; lastKnownFileType = sourcecode.c.objc; path = "UIApplication+SSTextSizeTests.m"; sourceTree = "<group>"; };
		6696C9C11C14E7880067D4A4 /* SSDynamicViewsReleaseTests.m */ = {isa = PBXFileReference; fileEncoding = 4; lastKnownFileType = sourcecode.c.objc; path = SSDynamicViewsReleaseTests.m; sourceTree = "<group>"; };
		8624741A93A8C2A0AAD84CD1 /* Pods-SSDynamicTextTests.debug.xcconfig */ = {isa = PBXFileReference; includeInIndex = 1; lastKnownFileType = text.xcconfig; name = "Pods-SSDynamicTextTests.debug.xcconfig"; path = "Pods/Target Support Files/Pods-SSDynamicTextTests/Pods-SSDynamicTextTests.debug.xcconfig"; sourceTree = "<group>"; };
		B70414E41BAAF5750055958F /* SSTestsHelper.h */ = {isa = PBXFileReference; fileEncoding = 4; lastKnownFileType = sourcecode.c.h; path = SSTestsHelper.h; sourceTree = "<group>"; };
		B70414E51BAAF5750055958F /* SSTestsHelper.m */ = {isa = PBXFileReference; fileEncoding = 4; lastKnownFileType = sourcecode.c.objc; path = SSTestsHelper.m; sourceTree = "<group>"; };
		B74328EF1B9455DC0098E793 /* SSDynamicLabelTests.m */ = {isa = PBXFileReference; fileEncoding = 4; lastKnownFileType = sourcecode.c.objc; path = SSDynamicLabelTests.m; sourceTree = "<group>"; };
		B74328F11B9461CB0098E793 /* SSDynamicsView.xib */ = {isa = PBXFileReference; fileEncoding = 4; lastKnownFileType = file.xib; path = SSDynamicsView.xib; sourceTree = "<group>"; };
		B74328F31B9461E60098E793 /* SSDynamicsView.h */ = {isa = PBXFileReference; fileEncoding = 4; lastKnownFileType = sourcecode.c.h; path = SSDynamicsView.h; sourceTree = "<group>"; };
		B74328F41B9461E60098E793 /* SSDynamicsView.m */ = {isa = PBXFileReference; fileEncoding = 4; lastKnownFileType = sourcecode.c.objc; path = SSDynamicsView.m; sourceTree = "<group>"; };
		B74328F61B946E2A0098E793 /* SSDynamicTextFieldTests.m */ = {isa = PBXFileReference; fileEncoding = 4; lastKnownFileType = sourcecode.c.objc; path = SSDynamicTextFieldTests.m; sourceTree = "<group>"; };
		B74328F81B946EEB0098E793 /* SSDynamicTextViewTests.m */ = {isa = PBXFileReference; fileEncoding = 4; lastKnownFileType = sourcecode.c.objc; path = SSDynamicTextViewTests.m; sourceTree = "<group>"; };
		B74328FA1B946FE90098E793 /* SSDynamicButtonTests.m */ = {isa = PBXFileReference; fileEncoding = 4; lastKnownFileType = sourcecode.c.objc; path = SSDynamicButtonTests.m; sourceTree = "<group>"; };
		B74328FC1B9476010098E793 /* SSAttributedStringValidator.h */ = {isa = PBXFileReference; fileEncoding = 4; lastKnownFileType = sourcecode.c.h; path = SSAttributedStringValidator.h; sourceTree = "<group>"; };
		B74328FD1B9476010098E793 /* SSAttributedStringValidator.m */ = {isa = PBXFileReference; fileEncoding = 4; lastKnownFileType = sourcecode.c.objc; path = SSAttributedStringValidator.m; sourceTree = "<group>"; };
		EF12F61553483957D4BC1A52 /* Pods-SSDynamicTextExample.debug.xcconfig */ = {isa = PBXFileReference; includeInIndex = 1; lastKnownFileType = text.xcconfig; name = "Pods-SSDynamicTextExample.debug.xcconfig"; path = "Pods/Target Support Files/Pods-SSDynamicTextExample/Pods-SSDynamicTextExample.debug.xcconfig"; sourceTree = "<group>"; };
		F79AFF3911624A2DE41F785F /* Pods-SSDynamicTextExample.release.xcconfig */ = {isa = PBXFileReference; includeInIndex = 1; lastKnownFileType = text.xcconfig; name = "Pods-SSDynamicTextExample.release.xcconfig"; path = "Pods/Target Support Files/Pods-SSDynamicTextExample/Pods-SSDynamicTextExample.release.xcconfig"; sourceTree = "<group>"; };
/* End PBXFileReference section */

/* Begin PBXFrameworksBuildPhase section */
		5E90DAC519F9655600257F8E /* Frameworks */ = {
			isa = PBXFrameworksBuildPhase;
			buildActionMask = 2147483647;
			files = (
				C8FE42998DC35A897E622A17 /* libPods-SSDynamicTextTests.a in Frameworks */,
			);
			runOnlyForDeploymentPostprocessing = 0;
		};
		5EE286D0180239B800D286ED /* Frameworks */ = {
			isa = PBXFrameworksBuildPhase;
			buildActionMask = 2147483647;
			files = (
				5EE286D9180239B800D286ED /* CoreGraphics.framework in Frameworks */,
				5EE286DB180239B800D286ED /* UIKit.framework in Frameworks */,
				5EE286D7180239B800D286ED /* Foundation.framework in Frameworks */,
				A8E3A0653C3F6162E41DA870 /* libPods-SSDynamicTextExample.a in Frameworks */,
			);
			runOnlyForDeploymentPostprocessing = 0;
		};
/* End PBXFrameworksBuildPhase section */

/* Begin PBXGroup section */
		5E90DAC919F9655600257F8E /* SSDynamicTextTests */ = {
			isa = PBXGroup;
			children = (
				B74328EF1B9455DC0098E793 /* SSDynamicLabelTests.m */,
				B74328F61B946E2A0098E793 /* SSDynamicTextFieldTests.m */,
				B74328F81B946EEB0098E793 /* SSDynamicTextViewTests.m */,
				B74328FA1B946FE90098E793 /* SSDynamicButtonTests.m */,
				661812021C0CED6C00F558EC /* UIFont+SSTextSizeTests.m */,
				6696C9C11C14E7880067D4A4 /* SSDynamicViewsReleaseTests.m */,
				667FF3871C0E4B0A00973E4C /* UIApplication+SSTextSizeTests.m */,
				6611CBF41C0E52CC003E68A3 /* UIView+SSTextSizeTests.m */,
				B70414E41BAAF5750055958F /* SSTestsHelper.h */,
				B70414E51BAAF5750055958F /* SSTestsHelper.m */,
				B74328FC1B9476010098E793 /* SSAttributedStringValidator.h */,
				B74328FD1B9476010098E793 /* SSAttributedStringValidator.m */,
				5E90DACA19F9655600257F8E /* Supporting Files */,
			);
			path = SSDynamicTextTests;
			sourceTree = "<group>";
		};
		5E90DACA19F9655600257F8E /* Supporting Files */ = {
			isa = PBXGroup;
			children = (
				5E90DACB19F9655600257F8E /* Info.plist */,
			);
			name = "Supporting Files";
			sourceTree = "<group>";
		};
		5EE286CA180239B800D286ED = {
			isa = PBXGroup;
			children = (
				5EE286DC180239B800D286ED /* SSDynamicTextExample */,
				5E90DAC919F9655600257F8E /* SSDynamicTextTests */,
				5EE286D5180239B800D286ED /* Frameworks */,
				5EE286D4180239B800D286ED /* Products */,
				6C7DA71C3E16BF3548FD13C4 /* Pods */,
			);
			sourceTree = "<group>";
		};
		5EE286D4180239B800D286ED /* Products */ = {
			isa = PBXGroup;
			children = (
				5EE286D3180239B800D286ED /* SSDynamicTextExample.app */,
				5E90DAC819F9655600257F8E /* SSDynamicTextTests.xctest */,
			);
			name = Products;
			sourceTree = "<group>";
		};
		5EE286D5180239B800D286ED /* Frameworks */ = {
			isa = PBXGroup;
			children = (
				5EE286D6180239B800D286ED /* Foundation.framework */,
				5EE286D8180239B800D286ED /* CoreGraphics.framework */,
				5EE286DA180239B800D286ED /* UIKit.framework */,
				5EE286F8180239B900D286ED /* XCTest.framework */,
				0E2159830340851187ABBF61 /* libPods-SSDynamicTextExample.a */,
				514C3AADC3AD1C801B243A28 /* libPods-SSDynamicTextTests.a */,
			);
			name = Frameworks;
			sourceTree = "<group>";
		};
		5EE286DC180239B800D286ED /* SSDynamicTextExample */ = {
			isa = PBXGroup;
			children = (
				5EE286E5180239B800D286ED /* SSAppDelegate.h */,
				5EE286E6180239B800D286ED /* SSAppDelegate.m */,
				5EE286EE180239B900D286ED /* SSViewController.h */,
				5EE286EF180239B900D286ED /* SSViewController.m */,
				5EE286F1180239B900D286ED /* Images.xcassets */,
				5EE286DD180239B800D286ED /* Supporting Files */,
				B74328F31B9461E60098E793 /* SSDynamicsView.h */,
				B74328F41B9461E60098E793 /* SSDynamicsView.m */,
				B74328F11B9461CB0098E793 /* SSDynamicsView.xib */,
			);
			path = SSDynamicTextExample;
			sourceTree = "<group>";
		};
		5EE286DD180239B800D286ED /* Supporting Files */ = {
			isa = PBXGroup;
			children = (
				5EE286DE180239B800D286ED /* SSDynamicTextExample-Info.plist */,
				5EE286DF180239B800D286ED /* InfoPlist.strings */,
				5EE286E2180239B800D286ED /* main.m */,
				5EE286E4180239B800D286ED /* SSDynamicTextExample-Prefix.pch */,
			);
			name = "Supporting Files";
			sourceTree = "<group>";
		};
		6C7DA71C3E16BF3548FD13C4 /* Pods */ = {
			isa = PBXGroup;
			children = (
				EF12F61553483957D4BC1A52 /* Pods-SSDynamicTextExample.debug.xcconfig */,
				F79AFF3911624A2DE41F785F /* Pods-SSDynamicTextExample.release.xcconfig */,
				8624741A93A8C2A0AAD84CD1 /* Pods-SSDynamicTextTests.debug.xcconfig */,
				5136338D4A373052CC15BB7D /* Pods-SSDynamicTextTests.release.xcconfig */,
			);
			name = Pods;
			sourceTree = "<group>";
		};
/* End PBXGroup section */

/* Begin PBXNativeTarget section */
		5E90DAC719F9655600257F8E /* SSDynamicTextTests */ = {
			isa = PBXNativeTarget;
			buildConfigurationList = 5E90DAD019F9655600257F8E /* Build configuration list for PBXNativeTarget "SSDynamicTextTests" */;
			buildPhases = (
				444194254D86E2464792CC92 /* [CP] Check Pods Manifest.lock */,
				5E90DAC419F9655600257F8E /* Sources */,
				5E90DAC519F9655600257F8E /* Frameworks */,
				5E90DAC619F9655600257F8E /* Resources */,
				FC932F9DD8127662F810E588 /* [CP] Embed Pods Frameworks */,
				2F2FACE19979CFCAD33B6008 /* [CP] Copy Pods Resources */,
			);
			buildRules = (
			);
			dependencies = (
				5E90DACF19F9655600257F8E /* PBXTargetDependency */,
			);
			name = SSDynamicTextTests;
			productName = SSDynamicTextTests;
			productReference = 5E90DAC819F9655600257F8E /* SSDynamicTextTests.xctest */;
			productType = "com.apple.product-type.bundle.unit-test";
		};
		5EE286D2180239B800D286ED /* SSDynamicTextExample */ = {
			isa = PBXNativeTarget;
			buildConfigurationList = 5EE28708180239B900D286ED /* Build configuration list for PBXNativeTarget "SSDynamicTextExample" */;
			buildPhases = (
				EB6F676944BE6E9D3543D151 /* [CP] Check Pods Manifest.lock */,
				5EE286CF180239B800D286ED /* Sources */,
				5EE286D0180239B800D286ED /* Frameworks */,
				5EE286D1180239B800D286ED /* Resources */,
				19E8353FD05FA860EA48635F /* [CP] Embed Pods Frameworks */,
				0C91A7A1CB8E1199D5B02A4B /* [CP] Copy Pods Resources */,
			);
			buildRules = (
			);
			dependencies = (
			);
			name = SSDynamicTextExample;
			productName = SSDynamicTextExample;
			productReference = 5EE286D3180239B800D286ED /* SSDynamicTextExample.app */;
			productType = "com.apple.product-type.application";
		};
/* End PBXNativeTarget section */

/* Begin PBXProject section */
		5EE286CB180239B800D286ED /* Project object */ = {
			isa = PBXProject;
			attributes = {
				CLASSPREFIX = SS;
				LastUpgradeCheck = 0610;
				ORGANIZATIONNAME = Splinesoft;
				TargetAttributes = {
					5E90DAC719F9655600257F8E = {
						CreatedOnToolsVersion = 6.1;
						TestTargetID = 5EE286D2180239B800D286ED;
					};
				};
			};
			buildConfigurationList = 5EE286CE180239B800D286ED /* Build configuration list for PBXProject "SSDynamicTextExample" */;
			compatibilityVersion = "Xcode 3.2";
			developmentRegion = English;
			hasScannedForEncodings = 0;
			knownRegions = (
				en,
				Base,
			);
			mainGroup = 5EE286CA180239B800D286ED;
			productRefGroup = 5EE286D4180239B800D286ED /* Products */;
			projectDirPath = "";
			projectRoot = "";
			targets = (
				5EE286D2180239B800D286ED /* SSDynamicTextExample */,
				5E90DAC719F9655600257F8E /* SSDynamicTextTests */,
			);
		};
/* End PBXProject section */

/* Begin PBXResourcesBuildPhase section */
		5E90DAC619F9655600257F8E /* Resources */ = {
			isa = PBXResourcesBuildPhase;
			buildActionMask = 2147483647;
			files = (
			);
			runOnlyForDeploymentPostprocessing = 0;
		};
		5EE286D1180239B800D286ED /* Resources */ = {
			isa = PBXResourcesBuildPhase;
			buildActionMask = 2147483647;
			files = (
				5EE286F2180239B900D286ED /* Images.xcassets in Resources */,
				B74328F21B9461CB0098E793 /* SSDynamicsView.xib in Resources */,
				5EE286E1180239B800D286ED /* InfoPlist.strings in Resources */,
			);
			runOnlyForDeploymentPostprocessing = 0;
		};
/* End PBXResourcesBuildPhase section */

/* Begin PBXShellScriptBuildPhase section */
		0C91A7A1CB8E1199D5B02A4B /* [CP] Copy Pods Resources */ = {
			isa = PBXShellScriptBuildPhase;
			buildActionMask = 2147483647;
			files = (
			);
			inputPaths = (
			);
			name = "[CP] Copy Pods Resources";
			outputPaths = (
			);
			runOnlyForDeploymentPostprocessing = 0;
			shellPath = /bin/sh;
			shellScript = "\"${SRCROOT}/Pods/Target Support Files/Pods-SSDynamicTextExample/Pods-SSDynamicTextExample-resources.sh\"\n";
			showEnvVarsInLog = 0;
		};
		19E8353FD05FA860EA48635F /* [CP] Embed Pods Frameworks */ = {
			isa = PBXShellScriptBuildPhase;
			buildActionMask = 2147483647;
			files = (
			);
			inputPaths = (
			);
			name = "[CP] Embed Pods Frameworks";
			outputPaths = (
			);
			runOnlyForDeploymentPostprocessing = 0;
			shellPath = /bin/sh;
			shellScript = "\"${SRCROOT}/Pods/Target Support Files/Pods-SSDynamicTextExample/Pods-SSDynamicTextExample-frameworks.sh\"\n";
			showEnvVarsInLog = 0;
		};
		2F2FACE19979CFCAD33B6008 /* [CP] Copy Pods Resources */ = {
			isa = PBXShellScriptBuildPhase;
			buildActionMask = 2147483647;
			files = (
			);
			inputPaths = (
			);
			name = "[CP] Copy Pods Resources";
			outputPaths = (
			);
			runOnlyForDeploymentPostprocessing = 0;
			shellPath = /bin/sh;
			shellScript = "\"${SRCROOT}/Pods/Target Support Files/Pods-SSDynamicTextTests/Pods-SSDynamicTextTests-resources.sh\"\n";
			showEnvVarsInLog = 0;
		};
		444194254D86E2464792CC92 /* [CP] Check Pods Manifest.lock */ = {
			isa = PBXShellScriptBuildPhase;
			buildActionMask = 2147483647;
			files = (
			);
			inputPaths = (
			);
			name = "[CP] Check Pods Manifest.lock";
			outputPaths = (
			);
			runOnlyForDeploymentPostprocessing = 0;
			shellPath = /bin/sh;
			shellScript = "diff \"${PODS_ROOT}/../Podfile.lock\" \"${PODS_ROOT}/Manifest.lock\" > /dev/null\nif [ $? != 0 ] ; then\n    # print error to STDERR\n    echo \"error: The sandbox is not in sync with the Podfile.lock. Run 'pod install' or update your CocoaPods installation.\" >&2\n    exit 1\nfi\n";
			showEnvVarsInLog = 0;
		};
		EB6F676944BE6E9D3543D151 /* [CP] Check Pods Manifest.lock */ = {
			isa = PBXShellScriptBuildPhase;
			buildActionMask = 2147483647;
			files = (
			);
			inputPaths = (
			);
			name = "[CP] Check Pods Manifest.lock";
			outputPaths = (
			);
			runOnlyForDeploymentPostprocessing = 0;
			shellPath = /bin/sh;
			shellScript = "diff \"${PODS_ROOT}/../Podfile.lock\" \"${PODS_ROOT}/Manifest.lock\" > /dev/null\nif [ $? != 0 ] ; then\n    # print error to STDERR\n    echo \"error: The sandbox is not in sync with the Podfile.lock. Run 'pod install' or update your CocoaPods installation.\" >&2\n    exit 1\nfi\n";
			showEnvVarsInLog = 0;
		};
		FC932F9DD8127662F810E588 /* [CP] Embed Pods Frameworks */ = {
			isa = PBXShellScriptBuildPhase;
			buildActionMask = 2147483647;
			files = (
			);
			inputPaths = (
			);
			name = "[CP] Embed Pods Frameworks";
			outputPaths = (
			);
			runOnlyForDeploymentPostprocessing = 0;
			shellPath = /bin/sh;
			shellScript = "\"${SRCROOT}/Pods/Target Support Files/Pods-SSDynamicTextTests/Pods-SSDynamicTextTests-frameworks.sh\"\n";
			showEnvVarsInLog = 0;
		};
/* End PBXShellScriptBuildPhase section */

/* Begin PBXSourcesBuildPhase section */
		5E90DAC419F9655600257F8E /* Sources */ = {
			isa = PBXSourcesBuildPhase;
			buildActionMask = 2147483647;
			files = (
				B74328F01B9455DC0098E793 /* SSDynamicLabelTests.m in Sources */,
				B74328F91B946EEB0098E793 /* SSDynamicTextViewTests.m in Sources */,
				4181AA311C30229E0000DDC1 /* SSDynamicsView.m in Sources */,
				B74328F71B946E2A0098E793 /* SSDynamicTextFieldTests.m in Sources */,
				B74328FE1B9476010098E793 /* SSAttributedStringValidator.m in Sources */,
				6696C9C21C14E7880067D4A4 /* SSDynamicViewsReleaseTests.m in Sources */,
				661812031C0CED6C00F558EC /* UIFont+SSTextSizeTests.m in Sources */,
				6611CBF51C0E52CC003E68A3 /* UIView+SSTextSizeTests.m in Sources */,
				667FF3881C0E4B0A00973E4C /* UIApplication+SSTextSizeTests.m in Sources */,
				B70414E61BAAF5750055958F /* SSTestsHelper.m in Sources */,
				B74328FB1B946FE90098E793 /* SSDynamicButtonTests.m in Sources */,
			);
			runOnlyForDeploymentPostprocessing = 0;
		};
		5EE286CF180239B800D286ED /* Sources */ = {
			isa = PBXSourcesBuildPhase;
			buildActionMask = 2147483647;
			files = (
				B74328F51B9461E60098E793 /* SSDynamicsView.m in Sources */,
				5EE286F0180239B900D286ED /* SSViewController.m in Sources */,
				5EE286E7180239B800D286ED /* SSAppDelegate.m in Sources */,
				5EE286E3180239B800D286ED /* main.m in Sources */,
			);
			runOnlyForDeploymentPostprocessing = 0;
		};
/* End PBXSourcesBuildPhase section */

/* Begin PBXTargetDependency section */
		5E90DACF19F9655600257F8E /* PBXTargetDependency */ = {
			isa = PBXTargetDependency;
			target = 5EE286D2180239B800D286ED /* SSDynamicTextExample */;
			targetProxy = 5E90DACE19F9655600257F8E /* PBXContainerItemProxy */;
		};
/* End PBXTargetDependency section */

/* Begin PBXVariantGroup section */
		5EE286DF180239B800D286ED /* InfoPlist.strings */ = {
			isa = PBXVariantGroup;
			children = (
				5EE286E0180239B800D286ED /* en */,
			);
			name = InfoPlist.strings;
			sourceTree = "<group>";
		};
/* End PBXVariantGroup section */

/* Begin XCBuildConfiguration section */
		5E90DAD119F9655600257F8E /* Debug */ = {
			isa = XCBuildConfiguration;
			baseConfigurationReference = 8624741A93A8C2A0AAD84CD1 /* Pods-SSDynamicTextTests.debug.xcconfig */;
			buildSettings = {
				BUNDLE_LOADER = "$(TEST_HOST)";
				CLANG_WARN_UNREACHABLE_CODE = YES;
				ENABLE_STRICT_OBJC_MSGSEND = YES;
				FRAMEWORK_SEARCH_PATHS = (
					"$(SDKROOT)/Developer/Library/Frameworks",
					"$(inherited)",
				);
				GCC_PREPROCESSOR_DEFINITIONS = (
					"DEBUG=1",
					"$(inherited)",
				);
				GCC_WARN_UNINITIALIZED_AUTOS = YES_AGGRESSIVE;
				INFOPLIST_FILE = SSDynamicTextTests/Info.plist;
				IPHONEOS_DEPLOYMENT_TARGET = 8.1;
				LD_RUNPATH_SEARCH_PATHS = "$(inherited) @executable_path/Frameworks @loader_path/Frameworks";
				MTL_ENABLE_DEBUG_INFO = YES;
				ONLY_ACTIVE_ARCH = YES;
				PRODUCT_NAME = "$(TARGET_NAME)";
				TEST_HOST = "$(BUILT_PRODUCTS_DIR)/SSDynamicTextExample.app/SSDynamicTextExample";
			};
			name = Debug;
		};
		5E90DAD219F9655600257F8E /* Release */ = {
			isa = XCBuildConfiguration;
			baseConfigurationReference = 5136338D4A373052CC15BB7D /* Pods-SSDynamicTextTests.release.xcconfig */;
			buildSettings = {
				BUNDLE_LOADER = "$(TEST_HOST)";
				CLANG_WARN_UNREACHABLE_CODE = YES;
				ENABLE_STRICT_OBJC_MSGSEND = YES;
				FRAMEWORK_SEARCH_PATHS = (
					"$(SDKROOT)/Developer/Library/Frameworks",
					"$(inherited)",
				);
				GCC_WARN_UNINITIALIZED_AUTOS = YES_AGGRESSIVE;
				INFOPLIST_FILE = SSDynamicTextTests/Info.plist;
				IPHONEOS_DEPLOYMENT_TARGET = 8.1;
				LD_RUNPATH_SEARCH_PATHS = "$(inherited) @executable_path/Frameworks @loader_path/Frameworks";
				MTL_ENABLE_DEBUG_INFO = NO;
				PRODUCT_NAME = "$(TARGET_NAME)";
				TEST_HOST = "$(BUILT_PRODUCTS_DIR)/SSDynamicTextExample.app/SSDynamicTextExample";
			};
			name = Release;
		};
		5EE28706180239B900D286ED /* Debug */ = {
			isa = XCBuildConfiguration;
			buildSettings = {
				ALWAYS_SEARCH_USER_PATHS = NO;
				CLANG_CXX_LANGUAGE_STANDARD = "gnu++0x";
				CLANG_CXX_LIBRARY = "libc++";
				CLANG_ENABLE_MODULES = YES;
				CLANG_ENABLE_OBJC_ARC = YES;
				CLANG_WARN_BOOL_CONVERSION = YES;
				CLANG_WARN_CONSTANT_CONVERSION = YES;
				CLANG_WARN_DIRECT_OBJC_ISA_USAGE = YES_ERROR;
				CLANG_WARN_EMPTY_BODY = YES;
				CLANG_WARN_ENUM_CONVERSION = YES;
				CLANG_WARN_INT_CONVERSION = YES;
				CLANG_WARN_OBJC_ROOT_CLASS = YES_ERROR;
				CLANG_WARN__DUPLICATE_METHOD_MATCH = YES;
				"CODE_SIGN_IDENTITY[sdk=iphoneos*]" = "iPhone Developer";
				COPY_PHASE_STRIP = NO;
				GCC_C_LANGUAGE_STANDARD = gnu99;
				GCC_DYNAMIC_NO_PIC = NO;
				GCC_OPTIMIZATION_LEVEL = 0;
				GCC_PREPROCESSOR_DEFINITIONS = (
					"DEBUG=1",
					"$(inherited)",
				);
				GCC_SYMBOLS_PRIVATE_EXTERN = NO;
				GCC_WARN_64_TO_32_BIT_CONVERSION = YES;
				GCC_WARN_ABOUT_RETURN_TYPE = YES_ERROR;
				GCC_WARN_UNDECLARED_SELECTOR = YES;
				GCC_WARN_UNINITIALIZED_AUTOS = YES;
				GCC_WARN_UNUSED_FUNCTION = YES;
				GCC_WARN_UNUSED_VARIABLE = YES;
				IPHONEOS_DEPLOYMENT_TARGET = 7.0;
				ONLY_ACTIVE_ARCH = YES;
				SDKROOT = iphoneos;
				TARGETED_DEVICE_FAMILY = "1,2";
			};
			name = Debug;
		};
		5EE28707180239B900D286ED /* Release */ = {
			isa = XCBuildConfiguration;
			buildSettings = {
				ALWAYS_SEARCH_USER_PATHS = NO;
				CLANG_CXX_LANGUAGE_STANDARD = "gnu++0x";
				CLANG_CXX_LIBRARY = "libc++";
				CLANG_ENABLE_MODULES = YES;
				CLANG_ENABLE_OBJC_ARC = YES;
				CLANG_WARN_BOOL_CONVERSION = YES;
				CLANG_WARN_CONSTANT_CONVERSION = YES;
				CLANG_WARN_DIRECT_OBJC_ISA_USAGE = YES_ERROR;
				CLANG_WARN_EMPTY_BODY = YES;
				CLANG_WARN_ENUM_CONVERSION = YES;
				CLANG_WARN_INT_CONVERSION = YES;
				CLANG_WARN_OBJC_ROOT_CLASS = YES_ERROR;
				CLANG_WARN__DUPLICATE_METHOD_MATCH = YES;
				"CODE_SIGN_IDENTITY[sdk=iphoneos*]" = "iPhone Developer";
				COPY_PHASE_STRIP = YES;
				ENABLE_NS_ASSERTIONS = NO;
				GCC_C_LANGUAGE_STANDARD = gnu99;
				GCC_WARN_64_TO_32_BIT_CONVERSION = YES;
				GCC_WARN_ABOUT_RETURN_TYPE = YES_ERROR;
				GCC_WARN_UNDECLARED_SELECTOR = YES;
				GCC_WARN_UNINITIALIZED_AUTOS = YES;
				GCC_WARN_UNUSED_FUNCTION = YES;
				GCC_WARN_UNUSED_VARIABLE = YES;
				IPHONEOS_DEPLOYMENT_TARGET = 7.0;
				SDKROOT = iphoneos;
				TARGETED_DEVICE_FAMILY = "1,2";
				VALIDATE_PRODUCT = YES;
			};
			name = Release;
		};
		5EE28709180239B900D286ED /* Debug */ = {
			isa = XCBuildConfiguration;
			baseConfigurationReference = EF12F61553483957D4BC1A52 /* Pods-SSDynamicTextExample.debug.xcconfig */;
			buildSettings = {
				ASSETCATALOG_COMPILER_APPICON_NAME = AppIcon;
				ASSETCATALOG_COMPILER_LAUNCHIMAGE_NAME = LaunchImage;
				GCC_PRECOMPILE_PREFIX_HEADER = YES;
				GCC_PREFIX_HEADER = "SSDynamicTextExample/SSDynamicTextExample-Prefix.pch";
				INFOPLIST_FILE = "SSDynamicTextExample/SSDynamicTextExample-Info.plist";
				IPHONEOS_DEPLOYMENT_TARGET = 7.0;
				ONLY_ACTIVE_ARCH = YES;
				PRODUCT_NAME = "$(TARGET_NAME)";
				WRAPPER_EXTENSION = app;
			};
			name = Debug;
		};
		5EE2870A180239B900D286ED /* Release */ = {
			isa = XCBuildConfiguration;
			baseConfigurationReference = F79AFF3911624A2DE41F785F /* Pods-SSDynamicTextExample.release.xcconfig */;
			buildSettings = {
				ASSETCATALOG_COMPILER_APPICON_NAME = AppIcon;
				ASSETCATALOG_COMPILER_LAUNCHIMAGE_NAME = LaunchImage;
				GCC_PRECOMPILE_PREFIX_HEADER = YES;
				GCC_PREFIX_HEADER = "SSDynamicTextExample/SSDynamicTextExample-Prefix.pch";
				INFOPLIST_FILE = "SSDynamicTextExample/SSDynamicTextExample-Info.plist";
				IPHONEOS_DEPLOYMENT_TARGET = 7.0;
				PRODUCT_NAME = "$(TARGET_NAME)";
				WRAPPER_EXTENSION = app;
			};
			name = Release;
		};
/* End XCBuildConfiguration section */

/* Begin XCConfigurationList section */
		5E90DAD019F9655600257F8E /* Build configuration list for PBXNativeTarget "SSDynamicTextTests" */ = {
			isa = XCConfigurationList;
			buildConfigurations = (
				5E90DAD119F9655600257F8E /* Debug */,
				5E90DAD219F9655600257F8E /* Release */,
			);
			defaultConfigurationIsVisible = 0;
			defaultConfigurationName = Release;
		};
		5EE286CE180239B800D286ED /* Build configuration list for PBXProject "SSDynamicTextExample" */ = {
			isa = XCConfigurationList;
			buildConfigurations = (
				5EE28706180239B900D286ED /* Debug */,
				5EE28707180239B900D286ED /* Release */,
			);
			defaultConfigurationIsVisible = 0;
			defaultConfigurationName = Release;
		};
		5EE28708180239B900D286ED /* Build configuration list for PBXNativeTarget "SSDynamicTextExample" */ = {
			isa = XCConfigurationList;
			buildConfigurations = (
				5EE28709180239B900D286ED /* Debug */,
				5EE2870A180239B900D286ED /* Release */,
			);
			defaultConfigurationIsVisible = 0;
			defaultConfigurationName = Release;
		};
/* End XCConfigurationList section */
	};
	rootObject = 5EE286CB180239B800D286ED /* Project object */;
}
