PODS:
  - OCMock (3.1.5)
  - SSDynamicText (1.0.0)

DEPENDENCIES:
  - OCMock (~> 3)
  - SSDynamicText (from `..`)

EXTERNAL SOURCES:
  SSDynamicText:
    :path: ".."

SPEC CHECKSUMS:
  OCMock: 4c2925291f80407c3738dd1db14d21d0cc278864
  SSDynamicText: 145b9049bde69e24ea7690018808615562f996ff

PODFILE CHECKSUM: 7b9fbdcc96fe25d235785becd8bc9d79598c8cba

COCOAPODS: 1.0.1
