PODS:
  - Expecta (0.3.2)
  - SSDynamicText (0.2.1)

DEPENDENCIES:
  - Expecta
  - SSDynamicText (from `../SSDynamicText.podspec`)

EXTERNAL SOURCES:
  SSDynamicText:
    :path: ../SSDynamicText.podspec

SPEC CHECKSUMS:
  Expecta: ee641011fe10aa1855d487b40e4976dac50ec342
  SSDynamicText: 8dfb40f703f34e118533bfc64ba1bbd8f5541e7d

COCOAPODS: 0.36.0
