PODS:
  - Expecta (0.3.1)
  - SSDynamicText (0.2.1)

DEPENDENCIES:
  - Expecta
  - SSDynamicText (from `../SSDynamicText.podspec`)

EXTERNAL SOURCES:
  SSDynamicText:
    :path: ../SSDynamicText.podspec

SPEC CHECKSUMS:
  Expecta: 03aabd0a89d8dea843baecb19a7fd7466a69a31d
  SSDynamicText: dff190face5a436bbe0482a3ff9010bd57586fb4

COCOAPODS: 0.34.4
